
Microsoft Visual Studio Solution File, Format Version 12.00
# Visual Studio Version 17
VisualStudioVersion = 17.1.31911.260
MinimumVisualStudioVersion = 10.0.40219.1
Project("{9A19103F-16F7-4668-BE54-9A1E7A4F7556}") = "Task_Additional_AnonymousMethod", "Task_Additional_AnonymousMethod\Task_Additional_AnonymousMethod.csproj", "{044C8ACE-36DB-45AE-9BA7-DF0A702539C7}"
EndProject
Project("{9A19103F-16F7-4668-BE54-9A1E7A4F7556}") = "Task2_LambdaExpressions", "Task2_LambdaExpressions\Task2_LambdaExpressions.csproj", "{8332B47D-73EA-47CF-AB85-DC96FD70FAA0}"
EndProject
Project("{9A19103F-16F7-4668-BE54-9A1E7A4F7556}") = "Task3_ArrayOfDelegates", "Task3_ArrayOfDelegates\Task3_ArrayOfDelegates.csproj", "{EB47BF3F-94DD-4AFB-908C-D6DCD45A173B}"
EndProject
Project("{9A19103F-16F7-4668-BE54-9A1E7A4F7556}") = "MyPractice1_Delegates", "MyPractice1_Delegates\MyPractice1_Delegates.csproj", "{F88C24E2-EA08-45ED-AF59-A72309B838D2}"
EndProject
Project("{FAE04EC0-301F-11D3-BF4B-00C04F79EFBC}") = "MyPractice2_Delegates_StockPrice", "MyPractice2_Delegates_StockPrice\MyPractice2_Delegates_StockPrice.csproj", "{A208B9BE-8B31-46B4-B820-AF75064E991C}"
EndProject
Project("{FAE04EC0-301F-11D3-BF4B-00C04F79EFBC}") = "MyPractice3_AnonymousMethod", "MyPractice3_AnonymousMethod\MyPractice3_AnonymousMethod.csproj", "{E37CE0F5-7843-403A-A097-7318E400D64C}"
EndProject
Global
	GlobalSection(SolutionConfigurationPlatforms) = preSolution
		Debug|Any CPU = Debug|Any CPU
		Release|Any CPU = Release|Any CPU
	EndGlobalSection
	GlobalSection(ProjectConfigurationPlatforms) = postSolution
		{044C8ACE-36DB-45AE-9BA7-DF0A702539C7}.Debug|Any CPU.ActiveCfg = Debug|Any CPU
		{044C8ACE-36DB-45AE-9BA7-DF0A702539C7}.Debug|Any CPU.Build.0 = Debug|Any CPU
		{044C8ACE-36DB-45AE-9BA7-DF0A702539C7}.Release|Any CPU.ActiveCfg = Release|Any CPU
		{044C8ACE-36DB-45AE-9BA7-DF0A702539C7}.Release|Any CPU.Build.0 = Release|Any CPU
		{8332B47D-73EA-47CF-AB85-DC96FD70FAA0}.Debug|Any CPU.ActiveCfg = Debug|Any CPU
		{8332B47D-73EA-47CF-AB85-DC96FD70FAA0}.Debug|Any CPU.Build.0 = Debug|Any CPU
		{8332B47D-73EA-47CF-AB85-DC96FD70FAA0}.Release|Any CPU.ActiveCfg = Release|Any CPU
		{8332B47D-73EA-47CF-AB85-DC96FD70FAA0}.Release|Any CPU.Build.0 = Release|Any CPU
		{EB47BF3F-94DD-4AFB-908C-D6DCD45A173B}.Debug|Any CPU.ActiveCfg = Debug|Any CPU
		{EB47BF3F-94DD-4AFB-908C-D6DCD45A173B}.Debug|Any CPU.Build.0 = Debug|Any CPU
		{EB47BF3F-94DD-4AFB-908C-D6DCD45A173B}.Release|Any CPU.ActiveCfg = Release|Any CPU
		{EB47BF3F-94DD-4AFB-908C-D6DCD45A173B}.Release|Any CPU.Build.0 = Release|Any CPU
		{F88C24E2-EA08-45ED-AF59-A72309B838D2}.Debug|Any CPU.ActiveCfg = Debug|Any CPU
		{F88C24E2-EA08-45ED-AF59-A72309B838D2}.Debug|Any CPU.Build.0 = Debug|Any CPU
		{F88C24E2-EA08-45ED-AF59-A72309B838D2}.Release|Any CPU.ActiveCfg = Release|Any CPU
		{F88C24E2-EA08-45ED-AF59-A72309B838D2}.Release|Any CPU.Build.0 = Release|Any CPU
		{A208B9BE-8B31-46B4-B820-AF75064E991C}.Debug|Any CPU.ActiveCfg = Debug|Any CPU
		{A208B9BE-8B31-46B4-B820-AF75064E991C}.Debug|Any CPU.Build.0 = Debug|Any CPU
		{A208B9BE-8B31-46B4-B820-AF75064E991C}.Release|Any CPU.ActiveCfg = Release|Any CPU
		{A208B9BE-8B31-46B4-B820-AF75064E991C}.Release|Any CPU.Build.0 = Release|Any CPU
		{E37CE0F5-7843-403A-A097-7318E400D64C}.Debug|Any CPU.ActiveCfg = Debug|Any CPU
		{E37CE0F5-7843-403A-A097-7318E400D64C}.Debug|Any CPU.Build.0 = Debug|Any CPU
		{E37CE0F5-7843-403A-A097-7318E400D64C}.Release|Any CPU.ActiveCfg = Release|Any CPU
		{E37CE0F5-7843-403A-A097-7318E400D64C}.Release|Any CPU.Build.0 = Release|Any CPU
	EndGlobalSection
	GlobalSection(SolutionProperties) = preSolution
		HideSolutionNode = FALSE
	EndGlobalSection
	GlobalSection(ExtensibilityGlobals) = postSolution
		SolutionGuid = {10AE2825-2C15-4FE5-8FF7-5CD0FF1BC269}
	EndGlobalSection
EndGlobal
